{
  "name": "fluentui-emoji-demo",
  "version": "1.0.0",
  "lockfileVersion": 3,
  "requires": true,
  "packages": {
    "": {
      "name": "fluentui-emoji-demo",
      "version": "1.0.0",
      "license": "MIT",
      "dependencies": {
        "fluentui-emoji-js": "^1.0.1"
      }
    },
    "node_modules/fluentui-emoji-js": {
      "version": "1.0.1",
      "resolved": "https://registry.npmjs.org/fluentui-emoji-js/-/fluentui-emoji-js-1.0.1.tgz",
      "integrity": "sha512-LyHlz1l8r4LG5CblADvGJ+uXpFRR2Q+DDVXni54v85RDSMJaGP0/l1RyvvGy56VOZWB+hrjO7NmwBxzWy9bgNQ=="
    }
  }
}
