{
  "name": "fluentui-emoji-demo",
  "version": "1.0.0",
  "lockfileVersion": 3,
  "requires": true,
  "packages": {
    "": {
      "name": "fluentui-emoji-demo",
      "version": "1.0.0",
      "license": "MIT",
      "dependencies": {
        "fluentui-emoji-js": "^1.1.1"
      }
    },
    "node_modules/fluentui-emoji-js": {
      "version": "1.1.1",
      "resolved": "https://registry.npmjs.org/fluentui-emoji-js/-/fluentui-emoji-js-1.1.1.tgz",
      "integrity": "sha512-1AgLEZdFw2j5M6nhglsvQz21A4ufQYbDmsbMLctX0bvaq4y54YVo9RMgiJJ/wcAE5g03bJkyasGffPlNiYrVmQ=="
    }
  }
}
